
Microsoft Visual Studio Solution File, Format Version 12.00
# Visual Studio Version 17
VisualStudioVersion = 17.0.31903.59
MinimumVisualStudioVersion = 10.0.40219.1
Project("{2150E333-8FDC-42A3-9474-1A3956D46DE8}") = "BlogProject", "BlogProject", "{82E8613D-E6B2-4E9B-B3C7-7B33AE65EE56}"
EndProject
Project("{FAE04EC0-301F-11D3-BF4B-00C04F79EFBC}") = "Contracts", "BlogProject\Contracts\Contracts.csproj", "{B7C340C0-FBDB-467D-81EC-E06FC113DB1D}"
EndProject
Project("{FAE04EC0-301F-11D3-BF4B-00C04F79EFBC}") = "Domain", "BlogProject\Domain\Domain.csproj", "{CF9217AD-FD4D-4DB0-B2C4-A097B45C87B2}"
EndProject
Project("{FAE04EC0-301F-11D3-BF4B-00C04F79EFBC}") = "Persistence", "BlogProject\Persistence\Persistence.csproj", "{CF0494C2-3627-4E5B-8B02-31550F944EE1}"
EndProject
Project("{FAE04EC0-301F-11D3-BF4B-00C04F79EFBC}") = "Services", "BlogProject\Services\Services.csproj", "{E1CAB117-EC81-4EA5-9E6A-7401371D4196}"
EndProject
Project("{FAE04EC0-301F-11D3-BF4B-00C04F79EFBC}") = "Services.Abstractions", "BlogProject\Services.Abstractions\Services.Abstractions.csproj", "{EBF5E5D3-4622-48C9-A353-93707A078DE1}"
EndProject
Project("{FAE04EC0-301F-11D3-BF4B-00C04F79EFBC}") = "WebAPI", "BlogProject\WebAPI\WebAPI.csproj", "{3D1E43C9-B38F-4FE3-B60F-FCE1BEBE6246}"
EndProject
Project("{2150E333-8FDC-42A3-9474-1A3956D46DE8}") = "Core", "Core", "{9E395E89-E392-439D-BB5C-801D4DFF27BA}"
EndProject
Project("{FAE04EC0-301F-11D3-BF4B-00C04F79EFBC}") = "Core.Persistence", "Core\Core.Persistence\Core.Persistence.csproj", "{3E76E8C6-3EF5-493D-81ED-EFFECDC687AA}"
EndProject
Global
	GlobalSection(SolutionConfigurationPlatforms) = preSolution
		Debug|Any CPU = Debug|Any CPU
		Release|Any CPU = Release|Any CPU
	EndGlobalSection
	GlobalSection(SolutionProperties) = preSolution
		HideSolutionNode = FALSE
	EndGlobalSection
	GlobalSection(ProjectConfigurationPlatforms) = postSolution
		{B7C340C0-FBDB-467D-81EC-E06FC113DB1D}.Debug|Any CPU.ActiveCfg = Debug|Any CPU
		{B7C340C0-FBDB-467D-81EC-E06FC113DB1D}.Debug|Any CPU.Build.0 = Debug|Any CPU
		{B7C340C0-FBDB-467D-81EC-E06FC113DB1D}.Release|Any CPU.ActiveCfg = Release|Any CPU
		{B7C340C0-FBDB-467D-81EC-E06FC113DB1D}.Release|Any CPU.Build.0 = Release|Any CPU
		{CF9217AD-FD4D-4DB0-B2C4-A097B45C87B2}.Debug|Any CPU.ActiveCfg = Debug|Any CPU
		{CF9217AD-FD4D-4DB0-B2C4-A097B45C87B2}.Debug|Any CPU.Build.0 = Debug|Any CPU
		{CF9217AD-FD4D-4DB0-B2C4-A097B45C87B2}.Release|Any CPU.ActiveCfg = Release|Any CPU
		{CF9217AD-FD4D-4DB0-B2C4-A097B45C87B2}.Release|Any CPU.Build.0 = Release|Any CPU
		{CF0494C2-3627-4E5B-8B02-31550F944EE1}.Debug|Any CPU.ActiveCfg = Debug|Any CPU
		{CF0494C2-3627-4E5B-8B02-31550F944EE1}.Debug|Any CPU.Build.0 = Debug|Any CPU
		{CF0494C2-3627-4E5B-8B02-31550F944EE1}.Release|Any CPU.ActiveCfg = Release|Any CPU
		{CF0494C2-3627-4E5B-8B02-31550F944EE1}.Release|Any CPU.Build.0 = Release|Any CPU
		{E1CAB117-EC81-4EA5-9E6A-7401371D4196}.Debug|Any CPU.ActiveCfg = Debug|Any CPU
		{E1CAB117-EC81-4EA5-9E6A-7401371D4196}.Debug|Any CPU.Build.0 = Debug|Any CPU
		{E1CAB117-EC81-4EA5-9E6A-7401371D4196}.Release|Any CPU.ActiveCfg = Release|Any CPU
		{E1CAB117-EC81-4EA5-9E6A-7401371D4196}.Release|Any CPU.Build.0 = Release|Any CPU
		{EBF5E5D3-4622-48C9-A353-93707A078DE1}.Debug|Any CPU.ActiveCfg = Debug|Any CPU
		{EBF5E5D3-4622-48C9-A353-93707A078DE1}.Debug|Any CPU.Build.0 = Debug|Any CPU
		{EBF5E5D3-4622-48C9-A353-93707A078DE1}.Release|Any CPU.ActiveCfg = Release|Any CPU
		{EBF5E5D3-4622-48C9-A353-93707A078DE1}.Release|Any CPU.Build.0 = Release|Any CPU
		{3D1E43C9-B38F-4FE3-B60F-FCE1BEBE6246}.Debug|Any CPU.ActiveCfg = Debug|Any CPU
		{3D1E43C9-B38F-4FE3-B60F-FCE1BEBE6246}.Debug|Any CPU.Build.0 = Debug|Any CPU
		{3D1E43C9-B38F-4FE3-B60F-FCE1BEBE6246}.Release|Any CPU.ActiveCfg = Release|Any CPU
		{3D1E43C9-B38F-4FE3-B60F-FCE1BEBE6246}.Release|Any CPU.Build.0 = Release|Any CPU
		{3E76E8C6-3EF5-493D-81ED-EFFECDC687AA}.Debug|Any CPU.ActiveCfg = Debug|Any CPU
		{3E76E8C6-3EF5-493D-81ED-EFFECDC687AA}.Debug|Any CPU.Build.0 = Debug|Any CPU
		{3E76E8C6-3EF5-493D-81ED-EFFECDC687AA}.Release|Any CPU.ActiveCfg = Release|Any CPU
		{3E76E8C6-3EF5-493D-81ED-EFFECDC687AA}.Release|Any CPU.Build.0 = Release|Any CPU
	EndGlobalSection
	GlobalSection(NestedProjects) = preSolution
		{B7C340C0-FBDB-467D-81EC-E06FC113DB1D} = {82E8613D-E6B2-4E9B-B3C7-7B33AE65EE56}
		{CF9217AD-FD4D-4DB0-B2C4-A097B45C87B2} = {82E8613D-E6B2-4E9B-B3C7-7B33AE65EE56}
		{CF0494C2-3627-4E5B-8B02-31550F944EE1} = {82E8613D-E6B2-4E9B-B3C7-7B33AE65EE56}
		{E1CAB117-EC81-4EA5-9E6A-7401371D4196} = {82E8613D-E6B2-4E9B-B3C7-7B33AE65EE56}
		{EBF5E5D3-4622-48C9-A353-93707A078DE1} = {82E8613D-E6B2-4E9B-B3C7-7B33AE65EE56}
		{3D1E43C9-B38F-4FE3-B60F-FCE1BEBE6246} = {82E8613D-E6B2-4E9B-B3C7-7B33AE65EE56}
		{3E76E8C6-3EF5-493D-81ED-EFFECDC687AA} = {9E395E89-E392-439D-BB5C-801D4DFF27BA}
	EndGlobalSection
EndGlobal
